
Microsoft Visual Studio Solution File, Format Version 12.00
# Visual Studio 15
VisualStudioVersion = 15.0.28010.2048
MinimumVisualStudioVersion = 10.0.40219.1
Project("{FAE04EC0-301F-11D3-BF4B-00C04F79EFBC}") = "Wpfz", "Wpfz\Wpfz.csproj", "{F5059069-F93C-4B12-A77E-3D7368E6F819}"
EndProject
Project("{FAE04EC0-301F-11D3-BF4B-00C04F79EFBC}") = "大作业", "大作业\大作业.csproj", "{CE372144-E299-44B8-8B7F-B56002BD7038}"
EndProject
Global
	GlobalSection(SolutionConfigurationPlatforms) = preSolution
		Debug|Any CPU = Debug|Any CPU
		Release|Any CPU = Release|Any CPU
	EndGlobalSection
	GlobalSection(ProjectConfigurationPlatforms) = postSolution
		{F5059069-F93C-4B12-A77E-3D7368E6F819}.Debug|Any CPU.ActiveCfg = Debug|Any CPU
		{F5059069-F93C-4B12-A77E-3D7368E6F819}.Debug|Any CPU.Build.0 = Debug|Any CPU
		{F5059069-F93C-4B12-A77E-3D7368E6F819}.Release|Any CPU.ActiveCfg = Release|Any CPU
		{F5059069-F93C-4B12-A77E-3D7368E6F819}.Release|Any CPU.Build.0 = Release|Any CPU
		{CE372144-E299-44B8-8B7F-B56002BD7038}.Debug|Any CPU.ActiveCfg = Debug|Any CPU
		{CE372144-E299-44B8-8B7F-B56002BD7038}.Debug|Any CPU.Build.0 = Debug|Any CPU
		{CE372144-E299-44B8-8B7F-B56002BD7038}.Release|Any CPU.ActiveCfg = Release|Any CPU
		{CE372144-E299-44B8-8B7F-B56002BD7038}.Release|Any CPU.Build.0 = Release|Any CPU
	EndGlobalSection
	GlobalSection(SolutionProperties) = preSolution
		HideSolutionNode = FALSE
	EndGlobalSection
	GlobalSection(ExtensibilityGlobals) = postSolution
		SolutionGuid = {FB5DAA23-3A7B-4440-B3E0-F0D5D7B603DC}
	EndGlobalSection
EndGlobal
