
Microsoft Visual Studio Solution File, Format Version 12.00
# Visual Studio 15
VisualStudioVersion = 15.0.27703.2042
MinimumVisualStudioVersion = 10.0.40219.1
Project("{FAE04EC0-301F-11D3-BF4B-00C04F79EFBC}") = "大作业", "大作业.csproj", "{B93514FA-C8CE-4226-875D-EB5B07B17B2E}"
EndProject
Global
	GlobalSection(SolutionConfigurationPlatforms) = preSolution
		Debug|Any CPU = Debug|Any CPU
		Release|Any CPU = Release|Any CPU
	EndGlobalSection
	GlobalSection(ProjectConfigurationPlatforms) = postSolution
		{B93514FA-C8CE-4226-875D-EB5B07B17B2E}.Debug|Any CPU.ActiveCfg = Debug|Any CPU
		{B93514FA-C8CE-4226-875D-EB5B07B17B2E}.Debug|Any CPU.Build.0 = Debug|Any CPU
		{B93514FA-C8CE-4226-875D-EB5B07B17B2E}.Release|Any CPU.ActiveCfg = Release|Any CPU
		{B93514FA-C8CE-4226-875D-EB5B07B17B2E}.Release|Any CPU.Build.0 = Release|Any CPU
	EndGlobalSection
	GlobalSection(SolutionProperties) = preSolution
		HideSolutionNode = FALSE
	EndGlobalSection
	GlobalSection(ExtensibilityGlobals) = postSolution
		SolutionGuid = {4B603EB1-0630-45CE-9980-993B6FE9DE19}
	EndGlobalSection
EndGlobal
